{"1.2.0",
[{<<"bson">>,
  {git,"https://github.com/comtihon/bson-erlang.git",
       {ref,"14308ab927cfa69324742c3de720578094e0bb19"}},
  1},
 {<<"cowboy">>,{pkg,<<"cowboy">>,<<"2.10.0">>},0},
 {<<"cowlib">>,{pkg,<<"cowlib">>,<<"2.12.1">>},1},
 {<<"emodel">>,{pkg,<<"emodel">>,<<"1.5.1">>},0},
 {<<"jiffy">>,{pkg,<<"jiffy">>,<<"1.1.1">>},0},
 {<<"mongodb">>,
  {git,"https://github.com/emqx/mongodb-erlang.git",
       {ref,"2202840dad1c0ad0baef601521be80fc701d2627"}},
  0},
 {<<"pbkdf2">>,
  {git,"https://github.com/emqx/erlang-pbkdf2.git",
       {ref,"0b105c7b29cee6557fb22ccf8badab44817d27db"}},
  1},
 {<<"poolboy">>,{pkg,<<"poolboy">>,<<"1.5.2">>},0},
 {<<"quickrand">>,{pkg,<<"quickrand">>,<<"2.0.6">>},1},
 {<<"ranch">>,{pkg,<<"ranch">>,<<"1.8.0">>},1},
 {<<"uuid">>,{pkg,<<"uuid_erl">>,<<"2.0.6">>},0}]}.
[
{pkg_hash,[
 {<<"cowboy">>, <<"FF9FFEFF91DAE4AE270DD975642997AFE2A1179D94B1887863E43F681A203E26">>},
 {<<"cowlib">>, <<"A9FA9A625F1D2025FE6B462CB865881329B5CAFF8F1854D1CBC9F9533F00E1E1">>},
 {<<"emodel">>, <<"7098186ED9C3BAC73A3AB0EF31B30528C1B2C2D0C3A277A7049AEC2B36C653FC">>},
 {<<"jiffy">>, <<"ACA10F47AA91697BF24AB9582C74E00E8E95474C7EF9F76D4F1A338D0F5DE21B">>},
 {<<"poolboy">>, <<"392B007A1693A64540CEAD79830443ABF5762F5D30CF50BC95CB2C1AAAFA006B">>},
 {<<"quickrand">>, <<"37E49398D614534F2861633F8E1155828676DF31ED90872616E4A526E6B9CF38">>},
 {<<"ranch">>, <<"8C7A100A139FD57F17327B6413E4167AC559FBC04CA7448E9BE9057311597A1D">>},
 {<<"uuid">>, <<"8767AAE0D93A0EFD062B5B30BB21188E121721C683200E164445065C08C2100A">>}]},
{pkg_hash_ext,[
 {<<"cowboy">>, <<"3AFDCCB7183CC6F143CB14D3CF51FA00E53DB9EC80CDCD525482F5E99BC41D6B">>},
 {<<"cowlib">>, <<"163B73F6367A7341B33C794C4E88E7DBFE6498AC42DCD69EF44C5BC5507C8DB0">>},
 {<<"emodel">>, <<"2604CAAE05071F6545E85CE98BC1A27631FDDA71EF90A54A01F3F8194FE6EBA0">>},
 {<<"jiffy">>, <<"62E1F0581C3C19C33A725C781DFA88410D8BFF1BBAFC3885A2552286B4785C4C">>},
 {<<"poolboy">>, <<"DAD79704CE5440F3D5A3681C8590B9DC25D1A561E8F5A9C995281012860901E3">>},
 {<<"quickrand">>, <<"86A03C7FC96B9C6B9FA6BEF5FCEB773E359C772EE3814BE60B8EB44B54F99140">>},
 {<<"ranch">>, <<"49FBCFD3682FAB1F5D109351B61257676DA1A2FDBE295904176D5E521A2DDFE5">>},
 {<<"uuid">>, <<"1D54D5DE4CC66317D882F62347A21655601E84CCCE913E80AADE202CDB3A8C65">>}]}
].
